# This file is autogenerated, do not edit; changes may be undone by the next 'dep ensure'.


[[projects]]
  name = "github.com/Microsoft/go-winio"
  packages = ["."]
  revision = "036d9d86531a3aff6be42ea59541cf44310d94ab"

[[projects]]
  branch = "master"
  name = "github.com/beorn7/perks"
  packages = ["quantile"]
  revision = "3a771d992973f24aa725d07868b467d1ddfceafb"

[[projects]]
  name = "github.com/docker/distribution"
  packages = ["digestset","reference","uuid"]
  revision = "edc3ab29cdff8694dd6feb85cfeb4b5f1b38ed9c"

[[projects]]
  name = "github.com/docker/docker"
  packages = ["api","api/types","api/types/blkiodev","api/types/container","api/types/events","api/types/filters","api/types/image","api/types/mount","api/types/network","api/types/registry","api/types/strslice","api/types/swarm","api/types/swarm/runtime","api/types/time","api/types/versions","api/types/volume","client","pkg/ioutils","pkg/longpath","pkg/mount","pkg/system","pkg/tlsconfig"]
  revision = "7e59fbe50eaa5fd952f7a05aa827e2dc738c3794"

[[projects]]
  name = "github.com/docker/go-connections"
  packages = ["nat","sockets","tlsconfig"]
  revision = "3ede32e2033de7505e6500d6c868c2b9ed9f169d"
  version = "v0.3.0"

[[projects]]
  name = "github.com/docker/go-units"
  packages = ["."]
  revision = "0dadbb0345b35ec7ef35e228dabb8de89a65bf52"
  version = "v0.3.2"

[[projects]]
  branch = "master"
  name = "github.com/docker/libtrust"
  packages = ["."]
  revision = "aabc10ec26b754e797f9028f4589c5b7bd90dc20"

[[projects]]
  name = "github.com/gogo/protobuf"
  packages = ["proto"]
  revision = "98066786c62ce5b2c49aba8527b914a014aaf49f"

[[projects]]
  name = "github.com/golang/protobuf"
  packages = ["proto"]
  revision = "b4deda0973fb4c70b50d226b1af49f3da59f5265"
  version = "v1.1.0"

[[projects]]
  name = "github.com/gorilla/context"
  packages = ["."]
  revision = "08b5f424b9271eedf6f9f0ce86cb9396ed337a42"
  version = "v1.1.1"

[[projects]]
  name = "github.com/gorilla/mux"
  packages = ["."]
  revision = "e3702bed27f0d39777b0b37b664b6280e8ef8fbf"
  version = "v1.6.2"

[[projects]]
  name = "github.com/inconshreveable/mousetrap"
  packages = ["."]
  revision = "76626ae9c91c4f2a10f34cad8ce83ea42c93bb75"
  version = "v1.0"

[[projects]]
  name = "github.com/matttproud/golang_protobuf_extensions"
  packages = ["pbutil"]
  revision = "c12348ce28de40eed0136aa2b644d0ee0650e56c"
  version = "v1.0.1"

[[projects]]
  branch = "master"
  name = "github.com/morikuni/aec"
  packages = ["."]
  revision = "39771216ff4c63d11f5e604076f9c45e8be1067b"

[[projects]]
  name = "github.com/opencontainers/go-digest"
  packages = ["."]
  revision = "279bed98673dd5bef374d3b6e4b09e2af76183bf"
  version = "v1.0.0-rc1"

[[projects]]
  name = "github.com/opencontainers/image-spec"
  packages = ["specs-go","specs-go/v1"]
  revision = "710038243d857231f17df1c3f4c10850154bd1f7"

[[projects]]
  name = "github.com/openfaas/faas"
  packages = ["gateway/handlers","gateway/metrics","gateway/queue","gateway/requests","gateway/types"]
  revision = "81334141832d6c4fc9b78e6b5e17e5330eca7606"
  version = "0.8.2"

[[projects]]
  name = "github.com/pkg/errors"
  packages = ["."]
  revision = "c605e284fe17294bda444b34710735b29d1a9d90"

[[projects]]
  name = "github.com/prometheus/client_golang"
  packages = ["prometheus"]
  revision = "c5b7fccd204277076155f10851dad72b76a49317"
  version = "v0.8.0"

[[projects]]
  branch = "master"
  name = "github.com/prometheus/client_model"
  packages = ["go"]
  revision = "99fa1f4be8e564e8a6b613da7fa6f46c9edafc6c"

[[projects]]
  branch = "master"
  name = "github.com/prometheus/common"
  packages = ["expfmt","internal/bitbucket.org/ww/goautoneg","model"]
  revision = "7600349dcfe1abd18d72d3a1770870d9800a7801"

[[projects]]
  branch = "master"
  name = "github.com/prometheus/procfs"
  packages = [".","internal/util","nfs","xfs"]
  revision = "40f013a808ec4fa79def444a1a56de4d1727efcb"

[[projects]]
  name = "github.com/sirupsen/logrus"
  packages = ["."]
  revision = "181d419aa9e2223811b824e8f0b4af96f9ba9302"

[[projects]]
  name = "github.com/spf13/cobra"
  packages = ["."]
  revision = "7b2c5ac9fc04fc5efafb60700713d4fa609b777b"
  version = "v0.0.1"

[[projects]]
  name = "github.com/spf13/pflag"
  packages = ["."]
  revision = "e57e3eeb33f795204c1ca35f56c44f83227c6e66"
  version = "v1.0.0"

[[projects]]
  name = "golang.org/x/crypto"
  packages = ["ssh/terminal"]
  revision = "42ff06aea7c329876e5a0fe94acc96902accf0ad"

[[projects]]
  name = "golang.org/x/net"
  packages = ["context","context/ctxhttp","proxy"]
  revision = "f5079bd7f6f74e23c4d65efa0f4ce14cbd6a3c0f"

[[projects]]
  name = "golang.org/x/sys"
  packages = ["unix","windows"]
  revision = "d8f5ea21b9295e315e612b4bcf4bedea93454d4d"

[[projects]]
  name = "gopkg.in/yaml.v2"
  packages = ["."]
  revision = "5420a8b6744d3b0345ab293f6fcba19c978f1183"
  version = "v2.2.1"

[solve-meta]
  analyzer-name = "dep"
  analyzer-version = 1
  inputs-digest = "b11326d6c7128c3e6f224b8fce52b0fb54d5d36b527a2cfe1b6e691a775852d8"
  solver-name = "gps-cdcl"
  solver-version = 1
